
Microsoft Visual Studio Solution File, Format Version 12.00
# Visual Studio 2015
Project("{FAE04EC0-301F-11D3-BF4B-00C04F79EFBC}") = "Whack-A-Shwin.CSharp", "Whack-A-Shwin.CSharp.csproj", "{AD39A913-0589-86FE-63EB-ADF9DBCF3AD1}"
EndProject
Global
	GlobalSection(SolutionConfigurationPlatforms) = preSolution
		Debug|Any CPU = Debug|Any CPU
		Release|Any CPU = Release|Any CPU
	EndGlobalSection
	GlobalSection(ProjectConfigurationPlatforms) = postSolution
		{AD39A913-0589-86FE-63EB-ADF9DBCF3AD1}.Debug|Any CPU.ActiveCfg = Debug|Any CPU
		{AD39A913-0589-86FE-63EB-ADF9DBCF3AD1}.Debug|Any CPU.Build.0 = Debug|Any CPU
		{AD39A913-0589-86FE-63EB-ADF9DBCF3AD1}.Release|Any CPU.ActiveCfg = Release|Any CPU
		{AD39A913-0589-86FE-63EB-ADF9DBCF3AD1}.Release|Any CPU.Build.0 = Release|Any CPU
	EndGlobalSection
	GlobalSection(SolutionProperties) = preSolution
		HideSolutionNode = FALSE
	EndGlobalSection
EndGlobal
